// !$*UTF8*$!
{
	archiveVersion = 1;
	classes = {
	};
	objectVersion = 48;
	objects = {

/* Begin PBXBuildFile section */
		1A99FEC11EECFDFC00AA0E8D /* AppDelegate.m in Sources */ = {isa = PBXBuildFile; fileRef = 1A99FEC01EECFDFC00AA0E8D /* AppDelegate.m */; };
		1A99FEC41EECFDFC00AA0E8D /* ViewController.m in Sources */ = {isa = PBXBuildFile; fileRef = 1A99FEC31EECFDFC00AA0E8D /* ViewController.m */; };
		1A99FEC71EECFDFC00AA0E8D /* Main.storyboard in Resources */ = {isa = PBXBuildFile; fileRef = 1A99FEC51EECFDFC00AA0E8D /* Main.storyboard */; };
		1A99FEC91EECFDFC00AA0E8D /* Assets.xcassets in Resources */ = {isa = PBXBuildFile; fileRef = 1A99FEC81EECFDFC00AA0E8D /* Assets.xcassets */; };
		1A99FECC1EECFDFC00AA0E8D /* LaunchScreen.storyboard in Resources */ = {isa = PBXBuildFile; fileRef = 1A99FECA1EECFDFC00AA0E8D /* LaunchScreen.storyboard */; };
		1A99FECF1EECFDFC00AA0E8D /* main.m in Sources */ = {isa = PBXBuildFile; fileRef = 1A99FECE1EECFDFC00AA0E8D /* main.m */; };
		1AC9B78F1FC6F7E8008C4EA7 /* MobileNet_050_160.mlmodel in Sources */ = {isa = PBXBuildFile; fileRef = 1AC9B78E1FC6F7E8008C4EA7 /* MobileNet_050_160.mlmodel */; };
/* End PBXBuildFile section */

/* Begin PBXFileReference section */
		1A74D28E1EF8027F0017FF91 /* AVFoundation.framework */ = {isa = PBXFileReference; lastKnownFileType = wrapper.framework; name = AVFoundation.framework; path = System/Library/Frameworks/AVFoundation.framework; sourceTree = SDKROOT; };
		1A99FEBC1EECFDFC00AA0E8D /* SimpleInceptionV3-ObjC.app */ = {isa = PBXFileReference; explicitFileType = wrapper.application; includeInIndex = 0; path = "SimpleInceptionV3-ObjC.app"; sourceTree = BUILT_PRODUCTS_DIR; };
		1A99FEBF1EECFDFC00AA0E8D /* AppDelegate.h */ = {isa = PBXFileReference; lastKnownFileType = sourcecode.c.h; path = AppDelegate.h; sourceTree = "<group>"; };
		1A99FEC01EECFDFC00AA0E8D /* AppDelegate.m */ = {isa = PBXFileReference; lastKnownFileType = sourcecode.c.objc; path = AppDelegate.m; sourceTree = "<group>"; };
		1A99FEC21EECFDFC00AA0E8D /* ViewController.h */ = {isa = PBXFileReference; lastKnownFileType = sourcecode.c.h; path = ViewController.h; sourceTree = "<group>"; };
		1A99FEC31EECFDFC00AA0E8D /* ViewController.m */ = {isa = PBXFileReference; lastKnownFileType = sourcecode.c.objc; path = ViewController.m; sourceTree = "<group>"; };
		1A99FEC61EECFDFC00AA0E8D /* Base */ = {isa = PBXFileReference; lastKnownFileType = file.storyboard; name = Base; path = Base.lproj/Main.storyboard; sourceTree = "<group>"; };
		1A99FEC81EECFDFC00AA0E8D /* Assets.xcassets */ = {isa = PBXFileReference; lastKnownFileType = folder.assetcatalog; path = Assets.xcassets; sourceTree = "<group>"; };
		1A99FECB1EECFDFC00AA0E8D /* Base */ = {isa = PBXFileReference; lastKnownFileType = file.storyboard; name = Base; path = Base.lproj/LaunchScreen.storyboard; sourceTree = "<group>"; };
		1A99FECD1EECFDFC00AA0E8D /* Info.plist */ = {isa = PBXFileReference; lastKnownFileType = text.plist.xml; path = Info.plist; sourceTree = "<group>"; };
		1A99FECE1EECFDFC00AA0E8D /* main.m */ = {isa = PBXFileReference; lastKnownFileType = sourcecode.c.objc; path = main.m; sourceTree = "<group>"; };
		1A99FED81EED0B1800AA0E8D /* CoreML.framework */ = {isa = PBXFileReference; lastKnownFileType = wrapper.framework; name = CoreML.framework; path = System/Library/Frameworks/CoreML.framework; sourceTree = SDKROOT; };
		1AC9B78E1FC6F7E8008C4EA7 /* MobileNet_050_160.mlmodel */ = {isa = PBXFileReference; lastKnownFileType = file.mlmodel; path = MobileNet_050_160.mlmodel; sourceTree = "<group>"; };
/* End PBXFileReference section */

/* Begin PBXFrameworksBuildPhase section */
		1A99FEB91EECFDFC00AA0E8D /* Frameworks */ = {
			isa = PBXFrameworksBuildPhase;
			buildActionMask = 2147483647;
			files = (
			);
			runOnlyForDeploymentPostprocessing = 0;
		};
/* End PBXFrameworksBuildPhase section */

/* Begin PBXGroup section */
		1A99FEB31EECFDFC00AA0E8D = {
			isa = PBXGroup;
			children = (
				1A99FEBE1EECFDFC00AA0E8D /* SimpleInceptionV3-ObjC */,
				1A99FEBD1EECFDFC00AA0E8D /* Products */,
				1A99FED71EED0B1800AA0E8D /* Frameworks */,
			);
			sourceTree = "<group>";
		};
		1A99FEBD1EECFDFC00AA0E8D /* Products */ = {
			isa = PBXGroup;
			children = (
				1A99FEBC1EECFDFC00AA0E8D /* SimpleInceptionV3-ObjC.app */,
			);
			name = Products;
			sourceTree = "<group>";
		};
		1A99FEBE1EECFDFC00AA0E8D /* SimpleInceptionV3-ObjC */ = {
			isa = PBXGroup;
			children = (
				1A99FEBF1EECFDFC00AA0E8D /* AppDelegate.h */,
				1A99FEC01EECFDFC00AA0E8D /* AppDelegate.m */,
				1A99FEC21EECFDFC00AA0E8D /* ViewController.h */,
				1A99FEC31EECFDFC00AA0E8D /* ViewController.m */,
				1A99FEC51EECFDFC00AA0E8D /* Main.storyboard */,
				1A99FEC81EECFDFC00AA0E8D /* Assets.xcassets */,
				1A99FECA1EECFDFC00AA0E8D /* LaunchScreen.storyboard */,
				1A99FECD1EECFDFC00AA0E8D /* Info.plist */,
				1A99FECE1EECFDFC00AA0E8D /* main.m */,
				1AC9B78E1FC6F7E8008C4EA7 /* MobileNet_050_160.mlmodel */,
			);
			path = "SimpleInceptionV3-ObjC";
			sourceTree = "<group>";
		};
		1A99FED71EED0B1800AA0E8D /* Frameworks */ = {
			isa = PBXGroup;
			children = (
				1A74D28E1EF8027F0017FF91 /* AVFoundation.framework */,
				1A99FED81EED0B1800AA0E8D /* CoreML.framework */,
			);
			name = Frameworks;
			sourceTree = "<group>";
		};
/* End PBXGroup section */

/* Begin PBXNativeTarget section */
		1A99FEBB1EECFDFC00AA0E8D /* SimpleInceptionV3-ObjC */ = {
			isa = PBXNativeTarget;
			buildConfigurationList = 1A99FED21EECFDFC00AA0E8D /* Build configuration list for PBXNativeTarget "SimpleInceptionV3-ObjC" */;
			buildPhases = (
				1A99FEB81EECFDFC00AA0E8D /* Sources */,
				1A99FEB91EECFDFC00AA0E8D /* Frameworks */,
				1A99FEBA1EECFDFC00AA0E8D /* Resources */,
			);
			buildRules = (
			);
			dependencies = (
			);
			name = "SimpleInceptionV3-ObjC";
			productName = "SimpleInceptionV3-ObjC";
			productReference = 1A99FEBC1EECFDFC00AA0E8D /* SimpleInceptionV3-ObjC.app */;
			productType = "com.apple.product-type.application";
		};
/* End PBXNativeTarget section */

/* Begin PBXProject section */
		1A99FEB41EECFDFC00AA0E8D /* Project object */ = {
			isa = PBXProject;
			attributes = {
				LastUpgradeCheck = 0910;
				ORGANIZATIONNAME = "Koan-Sin Tan";
				TargetAttributes = {
					1A99FEBB1EECFDFC00AA0E8D = {
						CreatedOnToolsVersion = 9.0;
					};
				};
			};
			buildConfigurationList = 1A99FEB71EECFDFC00AA0E8D /* Build configuration list for PBXProject "SimpleInceptionV3-ObjC" */;
			compatibilityVersion = "Xcode 8.0";
			developmentRegion = en;
			hasScannedForEncodings = 0;
			knownRegions = (
				en,
				Base,
			);
			mainGroup = 1A99FEB31EECFDFC00AA0E8D;
			productRefGroup = 1A99FEBD1EECFDFC00AA0E8D /* Products */;
			projectDirPath = "";
			projectRoot = "";
			targets = (
				1A99FEBB1EECFDFC00AA0E8D /* SimpleInceptionV3-ObjC */,
			);
		};
/* End PBXProject section */

/* Begin PBXResourcesBuildPhase section */
		1A99FEBA1EECFDFC00AA0E8D /* Resources */ = {
			isa = PBXResourcesBuildPhase;
			buildActionMask = 2147483647;
			files = (
				1A99FECC1EECFDFC00AA0E8D /* LaunchScreen.storyboard in Resources */,
				1A99FEC91EECFDFC00AA0E8D /* Assets.xcassets in Resources */,
				1A99FEC71EECFDFC00AA0E8D /* Main.storyboard in Resources */,
			);
			runOnlyForDeploymentPostprocessing = 0;
		};
/* End PBXResourcesBuildPhase section */

/* Begin PBXSourcesBuildPhase section */
		1A99FEB81EECFDFC00AA0E8D /* Sources */ = {
			isa = PBXSourcesBuildPhase;
			buildActionMask = 2147483647;
			files = (
				1A99FEC41EECFDFC00AA0E8D /* ViewController.m in Sources */,
				1A99FECF1EECFDFC00AA0E8D /* main.m in Sources */,
				1AC9B78F1FC6F7E8008C4EA7 /* MobileNet_050_160.mlmodel in Sources */,
				1A99FEC11EECFDFC00AA0E8D /* AppDelegate.m in Sources */,
			);
			runOnlyForDeploymentPostprocessing = 0;
		};
/* End PBXSourcesBuildPhase section */

/* Begin PBXVariantGroup section */
		1A99FEC51EECFDFC00AA0E8D /* Main.storyboard */ = {
			isa = PBXVariantGroup;
			children = (
				1A99FEC61EECFDFC00AA0E8D /* Base */,
			);
			name = Main.storyboard;
			sourceTree = "<group>";
		};
		1A99FECA1EECFDFC00AA0E8D /* LaunchScreen.storyboard */ = {
			isa = PBXVariantGroup;
			children = (
				1A99FECB1EECFDFC00AA0E8D /* Base */,
			);
			name = LaunchScreen.storyboard;
			sourceTree = "<group>";
		};
/* End PBXVariantGroup section */

/* Begin XCBuildConfiguration section */
		1A99FED01EECFDFC00AA0E8D /* Debug */ = {
			isa = XCBuildConfiguration;
			buildSettings = {
				ALWAYS_SEARCH_USER_PATHS = NO;
				CLANG_ANALYZER_NONNULL = YES;
				CLANG_ANALYZER_NUMBER_OBJECT_CONVERSION = YES_AGGRESSIVE;
				CLANG_CXX_LANGUAGE_STANDARD = "gnu++14";
				CLANG_CXX_LIBRARY = "libc++";
				CLANG_ENABLE_MODULES = YES;
				CLANG_ENABLE_OBJC_ARC = YES;
				CLANG_WARN_BLOCK_CAPTURE_AUTORELEASING = YES;
				CLANG_WARN_BOOL_CONVERSION = YES;
				CLANG_WARN_COMMA = YES;
				CLANG_WARN_CONSTANT_CONVERSION = YES;
				CLANG_WARN_DIRECT_OBJC_ISA_USAGE = YES_ERROR;
				CLANG_WARN_DOCUMENTATION_COMMENTS = YES;
				CLANG_WARN_EMPTY_BODY = YES;
				CLANG_WARN_ENUM_CONVERSION = YES;
				CLANG_WARN_INFINITE_RECURSION = YES;
				CLANG_WARN_INT_CONVERSION = YES;
				CLANG_WARN_NON_LITERAL_NULL_CONVERSION = YES;
				CLANG_WARN_OBJC_LITERAL_CONVERSION = YES;
				CLANG_WARN_OBJC_ROOT_CLASS = YES_ERROR;
				CLANG_WARN_RANGE_LOOP_ANALYSIS = YES;
				CLANG_WARN_STRICT_PROTOTYPES = YES;
				CLANG_WARN_SUSPICIOUS_MOVE = YES;
				CLANG_WARN_UNGUARDED_AVAILABILITY = YES_AGGRESSIVE;
				CLANG_WARN_UNREACHABLE_CODE = YES;
				CLANG_WARN__DUPLICATE_METHOD_MATCH = YES;
				CODE_SIGN_IDENTITY = "iPhone Developer";
				COPY_PHASE_STRIP = NO;
				DEBUG_INFORMATION_FORMAT = dwarf;
				ENABLE_STRICT_OBJC_MSGSEND = YES;
				ENABLE_TESTABILITY = YES;
				GCC_C_LANGUAGE_STANDARD = gnu11;
				GCC_DYNAMIC_NO_PIC = NO;
				GCC_NO_COMMON_BLOCKS = YES;
				GCC_OPTIMIZATION_LEVEL = 0;
				GCC_PREPROCESSOR_DEFINITIONS = (
					"DEBUG=1",
					"$(inherited)",
				);
				GCC_WARN_64_TO_32_BIT_CONVERSION = YES;
				GCC_WARN_ABOUT_RETURN_TYPE = YES_ERROR;
				GCC_WARN_UNDECLARED_SELECTOR = YES;
				GCC_WARN_UNINITIALIZED_AUTOS = YES_AGGRESSIVE;
				GCC_WARN_UNUSED_FUNCTION = YES;
				GCC_WARN_UNUSED_VARIABLE = YES;
				IPHONEOS_DEPLOYMENT_TARGET = 11.0;
				MTL_ENABLE_DEBUG_INFO = YES;
				ONLY_ACTIVE_ARCH = YES;
				SDKROOT = iphoneos;
			};
			name = Debug;
		};
		1A99FED11EECFDFC00AA0E8D /* Release */ = {
			isa = XCBuildConfiguration;
			buildSettings = {
				ALWAYS_SEARCH_USER_PATHS = NO;
				CLANG_ANALYZER_NONNULL = YES;
				CLANG_ANALYZER_NUMBER_OBJECT_CONVERSION = YES_AGGRESSIVE;
				CLANG_CXX_LANGUAGE_STANDARD = "gnu++14";
				CLANG_CXX_LIBRARY = "libc++";
				CLANG_ENABLE_MODULES = YES;
				CLANG_ENABLE_OBJC_ARC = YES;
				CLANG_WARN_BLOCK_CAPTURE_AUTORELEASING = YES;
				CLANG_WARN_BOOL_CONVERSION = YES;
				CLANG_WARN_COMMA = YES;
				CLANG_WARN_CONSTANT_CONVERSION = YES;
				CLANG_WARN_DIRECT_OBJC_ISA_USAGE = YES_ERROR;
				CLANG_WARN_DOCUMENTATION_COMMENTS = YES;
				CLANG_WARN_EMPTY_BODY = YES;
				CLANG_WARN_ENUM_CONVERSION = YES;
				CLANG_WARN_INFINITE_RECURSION = YES;
				CLANG_WARN_INT_CONVERSION = YES;
				CLANG_WARN_NON_LITERAL_NULL_CONVERSION = YES;
				CLANG_WARN_OBJC_LITERAL_CONVERSION = YES;
				CLANG_WARN_OBJC_ROOT_CLASS = YES_ERROR;
				CLANG_WARN_RANGE_LOOP_ANALYSIS = YES;
				CLANG_WARN_STRICT_PROTOTYPES = YES;
				CLANG_WARN_SUSPICIOUS_MOVE = YES;
				CLANG_WARN_UNGUARDED_AVAILABILITY = YES_AGGRESSIVE;
				CLANG_WARN_UNREACHABLE_CODE = YES;
				CLANG_WARN__DUPLICATE_METHOD_MATCH = YES;
				CODE_SIGN_IDENTITY = "iPhone Developer";
				COPY_PHASE_STRIP = NO;
				DEBUG_INFORMATION_FORMAT = "dwarf-with-dsym";
				ENABLE_NS_ASSERTIONS = NO;
				ENABLE_STRICT_OBJC_MSGSEND = YES;
				GCC_C_LANGUAGE_STANDARD = gnu11;
				GCC_NO_COMMON_BLOCKS = YES;
				GCC_WARN_64_TO_32_BIT_CONVERSION = YES;
				GCC_WARN_ABOUT_RETURN_TYPE = YES_ERROR;
				GCC_WARN_UNDECLARED_SELECTOR = YES;
				GCC_WARN_UNINITIALIZED_AUTOS = YES_AGGRESSIVE;
				GCC_WARN_UNUSED_FUNCTION = YES;
				GCC_WARN_UNUSED_VARIABLE = YES;
				IPHONEOS_DEPLOYMENT_TARGET = 11.0;
				MTL_ENABLE_DEBUG_INFO = NO;
				SDKROOT = iphoneos;
				VALIDATE_PRODUCT = YES;
			};
			name = Release;
		};
		1A99FED31EECFDFC00AA0E8D /* Debug */ = {
			isa = XCBuildConfiguration;
			buildSettings = {
				ASSETCATALOG_COMPILER_APPICON_NAME = AppIcon;
				DEVELOPMENT_TEAM = PG35EX39B6;
				INFOPLIST_FILE = "SimpleInceptionV3-ObjC/Info.plist";
				LD_RUNPATH_SEARCH_PATHS = "$(inherited) @executable_path/Frameworks";
				PRODUCT_BUNDLE_IDENTIFIER = "com.mediatek.SimpleInceptionV3-ObjC";
				PRODUCT_NAME = "$(TARGET_NAME)";
				TARGETED_DEVICE_FAMILY = "1,2";
			};
			name = Debug;
		};
		1A99FED41EECFDFC00AA0E8D /* Release */ = {
			isa = XCBuildConfiguration;
			buildSettings = {
				ASSETCATALOG_COMPILER_APPICON_NAME = AppIcon;
				DEVELOPMENT_TEAM = PG35EX39B6;
				INFOPLIST_FILE = "SimpleInceptionV3-ObjC/Info.plist";
				LD_RUNPATH_SEARCH_PATHS = "$(inherited) @executable_path/Frameworks";
				PRODUCT_BUNDLE_IDENTIFIER = "com.mediatek.SimpleInceptionV3-ObjC";
				PRODUCT_NAME = "$(TARGET_NAME)";
				TARGETED_DEVICE_FAMILY = "1,2";
			};
			name = Release;
		};
/* End XCBuildConfiguration section */

/* Begin XCConfigurationList section */
		1A99FEB71EECFDFC00AA0E8D /* Build configuration list for PBXProject "SimpleInceptionV3-ObjC" */ = {
			isa = XCConfigurationList;
			buildConfigurations = (
				1A99FED01EECFDFC00AA0E8D /* Debug */,
				1A99FED11EECFDFC00AA0E8D /* Release */,
			);
			defaultConfigurationIsVisible = 0;
			defaultConfigurationName = Release;
		};
		1A99FED21EECFDFC00AA0E8D /* Build configuration list for PBXNativeTarget "SimpleInceptionV3-ObjC" */ = {
			isa = XCConfigurationList;
			buildConfigurations = (
				1A99FED31EECFDFC00AA0E8D /* Debug */,
				1A99FED41EECFDFC00AA0E8D /* Release */,
			);
			defaultConfigurationIsVisible = 0;
			defaultConfigurationName = Release;
		};
/* End XCConfigurationList section */
	};
	rootObject = 1A99FEB41EECFDFC00AA0E8D /* Project object */;
}
